
Microsoft Visual Studio Solution File, Format Version 12.00
# Visual Studio Version 17
VisualStudioVersion = 17.9.34728.123
MinimumVisualStudioVersion = 10.0.40219.1
Project("{FAE04EC0-301F-11D3-BF4B-00C04F79EFBC}") = "zadanie5", "zadanie5\zadanie5.csproj", "{DDF033D3-50A7-4CA2-A94A-BDE8289BD2C9}"
EndProject
Global
	GlobalSection(SolutionConfigurationPlatforms) = preSolution
		Debug|Any CPU = Debug|Any CPU
		Release|Any CPU = Release|Any CPU
	EndGlobalSection
	GlobalSection(ProjectConfigurationPlatforms) = postSolution
		{DDF033D3-50A7-4CA2-A94A-BDE8289BD2C9}.Debug|Any CPU.ActiveCfg = Debug|Any CPU
		{DDF033D3-50A7-4CA2-A94A-BDE8289BD2C9}.Debug|Any CPU.Build.0 = Debug|Any CPU
		{DDF033D3-50A7-4CA2-A94A-BDE8289BD2C9}.Release|Any CPU.ActiveCfg = Release|Any CPU
		{DDF033D3-50A7-4CA2-A94A-BDE8289BD2C9}.Release|Any CPU.Build.0 = Release|Any CPU
	EndGlobalSection
	GlobalSection(SolutionProperties) = preSolution
		HideSolutionNode = FALSE
	EndGlobalSection
	GlobalSection(ExtensibilityGlobals) = postSolution
		SolutionGuid = {F8190239-6945-423F-9EC2-BBFB91102233}
	EndGlobalSection
EndGlobal
