
Microsoft Visual Studio Solution File, Format Version 12.00
# Visual Studio Version 17
VisualStudioVersion = 17.9.34728.123
MinimumVisualStudioVersion = 10.0.40219.1
Project("{FAE04EC0-301F-11D3-BF4B-00C04F79EFBC}") = "Zadanie7", "Zadanie7\Zadanie7.csproj", "{54885073-1482-46AB-8048-1466F6F35434}"
EndProject
Global
	GlobalSection(SolutionConfigurationPlatforms) = preSolution
		Debug|Any CPU = Debug|Any CPU
		Release|Any CPU = Release|Any CPU
	EndGlobalSection
	GlobalSection(ProjectConfigurationPlatforms) = postSolution
		{54885073-1482-46AB-8048-1466F6F35434}.Debug|Any CPU.ActiveCfg = Debug|Any CPU
		{54885073-1482-46AB-8048-1466F6F35434}.Debug|Any CPU.Build.0 = Debug|Any CPU
		{54885073-1482-46AB-8048-1466F6F35434}.Release|Any CPU.ActiveCfg = Release|Any CPU
		{54885073-1482-46AB-8048-1466F6F35434}.Release|Any CPU.Build.0 = Release|Any CPU
	EndGlobalSection
	GlobalSection(SolutionProperties) = preSolution
		HideSolutionNode = FALSE
	EndGlobalSection
	GlobalSection(ExtensibilityGlobals) = postSolution
		SolutionGuid = {13449E92-2455-42EE-B780-BB6D79A2E283}
	EndGlobalSection
EndGlobal
