
Microsoft Visual Studio Solution File, Format Version 12.00
# Visual Studio Version 17
VisualStudioVersion = 17.9.34728.123
MinimumVisualStudioVersion = 10.0.40219.1
Project("{FAE04EC0-301F-11D3-BF4B-00C04F79EFBC}") = "Zadanie2_3", "Zadanie2_3\Zadanie2_3.csproj", "{20F82FFF-9E0A-4836-BBEF-CF5788FA9B2A}"
EndProject
Global
	GlobalSection(SolutionConfigurationPlatforms) = preSolution
		Debug|Any CPU = Debug|Any CPU
		Release|Any CPU = Release|Any CPU
	EndGlobalSection
	GlobalSection(ProjectConfigurationPlatforms) = postSolution
		{20F82FFF-9E0A-4836-BBEF-CF5788FA9B2A}.Debug|Any CPU.ActiveCfg = Debug|Any CPU
		{20F82FFF-9E0A-4836-BBEF-CF5788FA9B2A}.Debug|Any CPU.Build.0 = Debug|Any CPU
		{20F82FFF-9E0A-4836-BBEF-CF5788FA9B2A}.Release|Any CPU.ActiveCfg = Release|Any CPU
		{20F82FFF-9E0A-4836-BBEF-CF5788FA9B2A}.Release|Any CPU.Build.0 = Release|Any CPU
	EndGlobalSection
	GlobalSection(SolutionProperties) = preSolution
		HideSolutionNode = FALSE
	EndGlobalSection
	GlobalSection(ExtensibilityGlobals) = postSolution
		SolutionGuid = {B5AEC10B-8CA0-450C-8C77-2FB709D0C634}
	EndGlobalSection
EndGlobal
